
Microsoft Visual Studio Solution File, Format Version 12.00
# Visual Studio 14
VisualStudioVersion = 14.0.25420.1
MinimumVisualStudioVersion = 10.0.40219.1
Project("{FAE04EC0-301F-11D3-BF4B-00C04F79EFBC}") = "ALIPAY", "ALIPAY\ALIPAY.csproj", "{97F47BA4-CC80-48DB-9680-759F33931104}"
EndProject
Project("{FAE04EC0-301F-11D3-BF4B-00C04F79EFBC}") = "BLL", "BLL\BLL.csproj", "{38D7AA58-C95B-449B-86C6-A8073A56E11F}"
EndProject
Project("{FAE04EC0-301F-11D3-BF4B-00C04F79EFBC}") = "DAL", "DAL\DAL.csproj", "{9FE00521-3A8B-42B1-814E-585E99407B2E}"
EndProject
Project("{FAE04EC0-301F-11D3-BF4B-00C04F79EFBC}") = "DBA", "DBA\DBA.csproj", "{0988C62E-247F-471F-A183-DB509C7A3839}"
EndProject
Project("{FAE04EC0-301F-11D3-BF4B-00C04F79EFBC}") = "DbName", "DbName\DbName.csproj", "{C189A46C-7582-4B85-A110-D211F3CBDD36}"
EndProject
Project("{FAE04EC0-301F-11D3-BF4B-00C04F79EFBC}") = "JMALI", "JMALI\JMALI.csproj", "{1BD901A1-D07D-465C-9989-A8305D3F8762}"
EndProject
Project("{FAE04EC0-301F-11D3-BF4B-00C04F79EFBC}") = "JMCMD", "JMCMD\JMCMD.csproj", "{AC1F0BAB-8C70-4909-8BBF-6C73B4D1537E}"
EndProject
Project("{FAE04EC0-301F-11D3-BF4B-00C04F79EFBC}") = "JMNOTICE", "JMNOTICE\JMNOTICE.csproj", "{CD0142BE-96C6-4822-9CAB-3DFE843924CB}"
EndProject
Project("{FAE04EC0-301F-11D3-BF4B-00C04F79EFBC}") = "JmPay.PayChannelMonitor", "JmPay.PayChannelMonitor\JmPay.PayChannelMonitor.csproj", "{56C588EF-F66D-4722-A212-797138A1E716}"
EndProject
Project("{FAE04EC0-301F-11D3-BF4B-00C04F79EFBC}") = "MDL", "MDL\MDL.csproj", "{53995DBB-9836-4647-AD22-865884FDEB9E}"
EndProject
Project("{FAE04EC0-301F-11D3-BF4B-00C04F79EFBC}") = "Pay.DinPay", "Pay.DinPay\Pay.DinPay.csproj", "{7E441973-6D11-4861-AB2B-1F1A7B0A9DC9}"
EndProject
Project("{FAE04EC0-301F-11D3-BF4B-00C04F79EFBC}") = "TOOL", "TOOL\TOOL.csproj", "{B6B4BF6D-E1D9-4585-ABE0-C0A28FDE0477}"
EndProject
Project("{FAE04EC0-301F-11D3-BF4B-00C04F79EFBC}") = "WEB", "WEB\WEB.csproj", "{BF64730C-4903-4E40-AFCB-E0B56FF7E45D}"
EndProject
Project("{FAE04EC0-301F-11D3-BF4B-00C04F79EFBC}") = "WEBDEV", "WEBDEV\WEBDEV.csproj", "{DC835409-1E51-42B6-B9A3-4639C2494065}"
EndProject
Project("{FAE04EC0-301F-11D3-BF4B-00C04F79EFBC}") = "WFTPAY", "WFTPAY\WFTPAY.csproj", "{DF53E03A-0A1D-4E1F-A8B3-11B4342AFA79}"
EndProject
Project("{FAE04EC0-301F-11D3-BF4B-00C04F79EFBC}") = "WXPAY", "WXPAY\WXPAY.csproj", "{ECB24008-50FE-4C11-A3EF-545A4A811FC7}"
EndProject
Project("{FAE04EC0-301F-11D3-BF4B-00C04F79EFBC}") = "JmPayApiServer", "JmPayApiServer\JmPayApiServer.csproj", "{A2680A1D-DB8B-451D-9441-13CD38FFBA70}"
EndProject
Project("{FAE04EC0-301F-11D3-BF4B-00C04F79EFBC}") = "JmPayParameter", "JmPayParameter\JmPayParameter.csproj", "{5A1B3247-43E0-4425-8B52-9E606E629B04}"
EndProject
Project("{FAE04EC0-301F-11D3-BF4B-00C04F79EFBC}") = "WEBGW", "WEBGW\WEBGW.csproj", "{BC8333E1-B140-4064-A6F4-7871D1C41C5F}"
EndProject
Project("{FAE04EC0-301F-11D3-BF4B-00C04F79EFBC}") = "DxPay.LogManager", "DxPay.LogManager\DxPay.LogManager.csproj", "{C1BC675B-5FF5-4E22-9AF1-D34D88A8F630}"
EndProject
Project("{2150E333-8FDC-42A3-9474-1A3956D46DE8}") = "Client", "Client", "{E9E63CA6-DC20-40C5-BA10-008A7EA53776}"
EndProject
Project("{2150E333-8FDC-42A3-9474-1A3956D46DE8}") = "ThirdParty", "ThirdParty", "{54B3C94F-3D7E-4228-926F-E880606C71F6}"
EndProject
Project("{2150E333-8FDC-42A3-9474-1A3956D46DE8}") = "Presentation", "Presentation", "{6CF0BB11-7097-40C7-B0B1-46346215704B}"
EndProject
Project("{2150E333-8FDC-42A3-9474-1A3956D46DE8}") = "Api", "Api", "{D61CCAE8-8455-45DB-9A0D-6D53DD835A1D}"
EndProject
Project("{2150E333-8FDC-42A3-9474-1A3956D46DE8}") = "Infrastructure", "Infrastructure", "{193709C9-A5F5-4E5D-B1C3-3757AE12E3B9}"
EndProject
Project("{FAE04EC0-301F-11D3-BF4B-00C04F79EFBC}") = "DxPay.Dba", "DxPay.Dba\DxPay.Dba.csproj", "{0F6EDE1E-C970-4AFE-9220-CEAD19398027}"
EndProject
Project("{FAE04EC0-301F-11D3-BF4B-00C04F79EFBC}") = "DxPay.Factory", "DxPay.Factory\DxPay.Factory.csproj", "{F268714E-F04D-420B-8824-3E883BE3D794}"
EndProject
Project("{FAE04EC0-301F-11D3-BF4B-00C04F79EFBC}") = "DxPay.Infrastructure", "DxPay.Infrastructure\DxPay.Infrastructure.csproj", "{392032E6-FB40-426D-8C77-103C8FA2464C}"
EndProject
Project("{FAE04EC0-301F-11D3-BF4B-00C04F79EFBC}") = "DxPay.Repositories", "DxPay.Repositories\DxPay.Repositories.csproj", "{94FBB3C1-B5BC-4131-9967-9BBF0B74D2F8}"
EndProject
Project("{FAE04EC0-301F-11D3-BF4B-00C04F79EFBC}") = "DxPay.Services", "DxPay.Services\DxPay.Services.csproj", "{E87416AA-5D47-40A6-A3C4-340CE0C3FCA9}"
EndProject
Project("{FAE04EC0-301F-11D3-BF4B-00C04F79EFBC}") = "DxPay.Agent", "DxPay.Agent\DxPay.Agent.csproj", "{CCBF59D4-FC02-41FF-9317-2513AB8E818E}"
EndProject
Project("{FAE04EC0-301F-11D3-BF4B-00C04F79EFBC}") = "DxPay.Bp", "DxPay.Bp\DxPay.Bp.csproj", "{CD5A9619-8E50-4923-99C8-B5FD657BCFE0}"
EndProject
Project("{FAE04EC0-301F-11D3-BF4B-00C04F79EFBC}") = "DxPay.Domain", "DxPay.Domain\DxPay.Domain.csproj", "{63A9C164-93EC-4524-81FC-EA2B9ED219D6}"
EndProject
Project("{FAE04EC0-301F-11D3-BF4B-00C04F79EFBC}") = "PayForAnother", "PayForAnother\PayForAnother.csproj", "{C002FFA9-9811-4F93-9D0D-1E2AB6E7EAE9}"
EndProject
Global
	GlobalSection(SolutionConfigurationPlatforms) = preSolution
		Debug|Any CPU = Debug|Any CPU
		Release|Any CPU = Release|Any CPU
	EndGlobalSection
	GlobalSection(ProjectConfigurationPlatforms) = postSolution
		{97F47BA4-CC80-48DB-9680-759F33931104}.Debug|Any CPU.ActiveCfg = Debug|Any CPU
		{97F47BA4-CC80-48DB-9680-759F33931104}.Debug|Any CPU.Build.0 = Debug|Any CPU
		{97F47BA4-CC80-48DB-9680-759F33931104}.Release|Any CPU.ActiveCfg = Release|Any CPU
		{97F47BA4-CC80-48DB-9680-759F33931104}.Release|Any CPU.Build.0 = Release|Any CPU
		{38D7AA58-C95B-449B-86C6-A8073A56E11F}.Debug|Any CPU.ActiveCfg = Debug|Any CPU
		{38D7AA58-C95B-449B-86C6-A8073A56E11F}.Debug|Any CPU.Build.0 = Debug|Any CPU
		{38D7AA58-C95B-449B-86C6-A8073A56E11F}.Release|Any CPU.ActiveCfg = Release|Any CPU
		{38D7AA58-C95B-449B-86C6-A8073A56E11F}.Release|Any CPU.Build.0 = Release|Any CPU
		{9FE00521-3A8B-42B1-814E-585E99407B2E}.Debug|Any CPU.ActiveCfg = Debug|Any CPU
		{9FE00521-3A8B-42B1-814E-585E99407B2E}.Debug|Any CPU.Build.0 = Debug|Any CPU
		{9FE00521-3A8B-42B1-814E-585E99407B2E}.Release|Any CPU.ActiveCfg = Release|Any CPU
		{9FE00521-3A8B-42B1-814E-585E99407B2E}.Release|Any CPU.Build.0 = Release|Any CPU
		{0988C62E-247F-471F-A183-DB509C7A3839}.Debug|Any CPU.ActiveCfg = Debug|Any CPU
		{0988C62E-247F-471F-A183-DB509C7A3839}.Debug|Any CPU.Build.0 = Debug|Any CPU
		{0988C62E-247F-471F-A183-DB509C7A3839}.Release|Any CPU.ActiveCfg = Release|Any CPU
		{0988C62E-247F-471F-A183-DB509C7A3839}.Release|Any CPU.Build.0 = Release|Any CPU
		{C189A46C-7582-4B85-A110-D211F3CBDD36}.Debug|Any CPU.ActiveCfg = Debug|Any CPU
		{C189A46C-7582-4B85-A110-D211F3CBDD36}.Debug|Any CPU.Build.0 = Debug|Any CPU
		{C189A46C-7582-4B85-A110-D211F3CBDD36}.Release|Any CPU.ActiveCfg = Release|Any CPU
		{C189A46C-7582-4B85-A110-D211F3CBDD36}.Release|Any CPU.Build.0 = Release|Any CPU
		{1BD901A1-D07D-465C-9989-A8305D3F8762}.Debug|Any CPU.ActiveCfg = Debug|Any CPU
		{1BD901A1-D07D-465C-9989-A8305D3F8762}.Debug|Any CPU.Build.0 = Debug|Any CPU
		{1BD901A1-D07D-465C-9989-A8305D3F8762}.Release|Any CPU.ActiveCfg = Release|Any CPU
		{1BD901A1-D07D-465C-9989-A8305D3F8762}.Release|Any CPU.Build.0 = Release|Any CPU
		{AC1F0BAB-8C70-4909-8BBF-6C73B4D1537E}.Debug|Any CPU.ActiveCfg = Debug|Any CPU
		{AC1F0BAB-8C70-4909-8BBF-6C73B4D1537E}.Debug|Any CPU.Build.0 = Debug|Any CPU
		{AC1F0BAB-8C70-4909-8BBF-6C73B4D1537E}.Release|Any CPU.ActiveCfg = Release|Any CPU
		{AC1F0BAB-8C70-4909-8BBF-6C73B4D1537E}.Release|Any CPU.Build.0 = Release|Any CPU
		{CD0142BE-96C6-4822-9CAB-3DFE843924CB}.Debug|Any CPU.ActiveCfg = Debug|Any CPU
		{CD0142BE-96C6-4822-9CAB-3DFE843924CB}.Debug|Any CPU.Build.0 = Debug|Any CPU
		{CD0142BE-96C6-4822-9CAB-3DFE843924CB}.Release|Any CPU.ActiveCfg = Release|Any CPU
		{CD0142BE-96C6-4822-9CAB-3DFE843924CB}.Release|Any CPU.Build.0 = Release|Any CPU
		{56C588EF-F66D-4722-A212-797138A1E716}.Debug|Any CPU.ActiveCfg = Debug|Any CPU
		{56C588EF-F66D-4722-A212-797138A1E716}.Debug|Any CPU.Build.0 = Debug|Any CPU
		{56C588EF-F66D-4722-A212-797138A1E716}.Release|Any CPU.ActiveCfg = Release|Any CPU
		{56C588EF-F66D-4722-A212-797138A1E716}.Release|Any CPU.Build.0 = Release|Any CPU
		{53995DBB-9836-4647-AD22-865884FDEB9E}.Debug|Any CPU.ActiveCfg = Debug|Any CPU
		{53995DBB-9836-4647-AD22-865884FDEB9E}.Debug|Any CPU.Build.0 = Debug|Any CPU
		{53995DBB-9836-4647-AD22-865884FDEB9E}.Release|Any CPU.ActiveCfg = Release|Any CPU
		{53995DBB-9836-4647-AD22-865884FDEB9E}.Release|Any CPU.Build.0 = Release|Any CPU
		{7E441973-6D11-4861-AB2B-1F1A7B0A9DC9}.Debug|Any CPU.ActiveCfg = Debug|Any CPU
		{7E441973-6D11-4861-AB2B-1F1A7B0A9DC9}.Debug|Any CPU.Build.0 = Debug|Any CPU
		{7E441973-6D11-4861-AB2B-1F1A7B0A9DC9}.Release|Any CPU.ActiveCfg = Release|Any CPU
		{7E441973-6D11-4861-AB2B-1F1A7B0A9DC9}.Release|Any CPU.Build.0 = Release|Any CPU
		{B6B4BF6D-E1D9-4585-ABE0-C0A28FDE0477}.Debug|Any CPU.ActiveCfg = Debug|Any CPU
		{B6B4BF6D-E1D9-4585-ABE0-C0A28FDE0477}.Debug|Any CPU.Build.0 = Debug|Any CPU
		{B6B4BF6D-E1D9-4585-ABE0-C0A28FDE0477}.Release|Any CPU.ActiveCfg = Release|Any CPU
		{B6B4BF6D-E1D9-4585-ABE0-C0A28FDE0477}.Release|Any CPU.Build.0 = Release|Any CPU
		{BF64730C-4903-4E40-AFCB-E0B56FF7E45D}.Debug|Any CPU.ActiveCfg = Debug|Any CPU
		{BF64730C-4903-4E40-AFCB-E0B56FF7E45D}.Debug|Any CPU.Build.0 = Debug|Any CPU
		{BF64730C-4903-4E40-AFCB-E0B56FF7E45D}.Release|Any CPU.ActiveCfg = Release|Any CPU
		{BF64730C-4903-4E40-AFCB-E0B56FF7E45D}.Release|Any CPU.Build.0 = Release|Any CPU
		{DC835409-1E51-42B6-B9A3-4639C2494065}.Debug|Any CPU.ActiveCfg = Debug|Any CPU
		{DC835409-1E51-42B6-B9A3-4639C2494065}.Debug|Any CPU.Build.0 = Debug|Any CPU
		{DC835409-1E51-42B6-B9A3-4639C2494065}.Release|Any CPU.ActiveCfg = Release|Any CPU
		{DC835409-1E51-42B6-B9A3-4639C2494065}.Release|Any CPU.Build.0 = Release|Any CPU
		{DF53E03A-0A1D-4E1F-A8B3-11B4342AFA79}.Debug|Any CPU.ActiveCfg = Debug|Any CPU
		{DF53E03A-0A1D-4E1F-A8B3-11B4342AFA79}.Debug|Any CPU.Build.0 = Debug|Any CPU
		{DF53E03A-0A1D-4E1F-A8B3-11B4342AFA79}.Release|Any CPU.ActiveCfg = Release|Any CPU
		{DF53E03A-0A1D-4E1F-A8B3-11B4342AFA79}.Release|Any CPU.Build.0 = Release|Any CPU
		{ECB24008-50FE-4C11-A3EF-545A4A811FC7}.Debug|Any CPU.ActiveCfg = Debug|Any CPU
		{ECB24008-50FE-4C11-A3EF-545A4A811FC7}.Debug|Any CPU.Build.0 = Debug|Any CPU
		{ECB24008-50FE-4C11-A3EF-545A4A811FC7}.Release|Any CPU.ActiveCfg = Release|Any CPU
		{ECB24008-50FE-4C11-A3EF-545A4A811FC7}.Release|Any CPU.Build.0 = Release|Any CPU
		{A2680A1D-DB8B-451D-9441-13CD38FFBA70}.Debug|Any CPU.ActiveCfg = Debug|Any CPU
		{A2680A1D-DB8B-451D-9441-13CD38FFBA70}.Debug|Any CPU.Build.0 = Debug|Any CPU
		{A2680A1D-DB8B-451D-9441-13CD38FFBA70}.Release|Any CPU.ActiveCfg = Release|Any CPU
		{A2680A1D-DB8B-451D-9441-13CD38FFBA70}.Release|Any CPU.Build.0 = Release|Any CPU
		{5A1B3247-43E0-4425-8B52-9E606E629B04}.Debug|Any CPU.ActiveCfg = Debug|Any CPU
		{5A1B3247-43E0-4425-8B52-9E606E629B04}.Debug|Any CPU.Build.0 = Debug|Any CPU
		{5A1B3247-43E0-4425-8B52-9E606E629B04}.Release|Any CPU.ActiveCfg = Release|Any CPU
		{5A1B3247-43E0-4425-8B52-9E606E629B04}.Release|Any CPU.Build.0 = Release|Any CPU
		{BC8333E1-B140-4064-A6F4-7871D1C41C5F}.Debug|Any CPU.ActiveCfg = Debug|Any CPU
		{BC8333E1-B140-4064-A6F4-7871D1C41C5F}.Debug|Any CPU.Build.0 = Debug|Any CPU
		{BC8333E1-B140-4064-A6F4-7871D1C41C5F}.Release|Any CPU.ActiveCfg = Release|Any CPU
		{BC8333E1-B140-4064-A6F4-7871D1C41C5F}.Release|Any CPU.Build.0 = Release|Any CPU
		{C1BC675B-5FF5-4E22-9AF1-D34D88A8F630}.Debug|Any CPU.ActiveCfg = Debug|Any CPU
		{C1BC675B-5FF5-4E22-9AF1-D34D88A8F630}.Debug|Any CPU.Build.0 = Debug|Any CPU
		{C1BC675B-5FF5-4E22-9AF1-D34D88A8F630}.Release|Any CPU.ActiveCfg = Release|Any CPU
		{C1BC675B-5FF5-4E22-9AF1-D34D88A8F630}.Release|Any CPU.Build.0 = Release|Any CPU
		{0F6EDE1E-C970-4AFE-9220-CEAD19398027}.Debug|Any CPU.ActiveCfg = Debug|Any CPU
		{0F6EDE1E-C970-4AFE-9220-CEAD19398027}.Debug|Any CPU.Build.0 = Debug|Any CPU
		{0F6EDE1E-C970-4AFE-9220-CEAD19398027}.Release|Any CPU.ActiveCfg = Release|Any CPU
		{0F6EDE1E-C970-4AFE-9220-CEAD19398027}.Release|Any CPU.Build.0 = Release|Any CPU
		{F268714E-F04D-420B-8824-3E883BE3D794}.Debug|Any CPU.ActiveCfg = Debug|Any CPU
		{F268714E-F04D-420B-8824-3E883BE3D794}.Debug|Any CPU.Build.0 = Debug|Any CPU
		{F268714E-F04D-420B-8824-3E883BE3D794}.Release|Any CPU.ActiveCfg = Release|Any CPU
		{F268714E-F04D-420B-8824-3E883BE3D794}.Release|Any CPU.Build.0 = Release|Any CPU
		{392032E6-FB40-426D-8C77-103C8FA2464C}.Debug|Any CPU.ActiveCfg = Debug|Any CPU
		{392032E6-FB40-426D-8C77-103C8FA2464C}.Debug|Any CPU.Build.0 = Debug|Any CPU
		{392032E6-FB40-426D-8C77-103C8FA2464C}.Release|Any CPU.ActiveCfg = Release|Any CPU
		{392032E6-FB40-426D-8C77-103C8FA2464C}.Release|Any CPU.Build.0 = Release|Any CPU
		{94FBB3C1-B5BC-4131-9967-9BBF0B74D2F8}.Debug|Any CPU.ActiveCfg = Debug|Any CPU
		{94FBB3C1-B5BC-4131-9967-9BBF0B74D2F8}.Debug|Any CPU.Build.0 = Debug|Any CPU
		{94FBB3C1-B5BC-4131-9967-9BBF0B74D2F8}.Release|Any CPU.ActiveCfg = Release|Any CPU
		{94FBB3C1-B5BC-4131-9967-9BBF0B74D2F8}.Release|Any CPU.Build.0 = Release|Any CPU
		{E87416AA-5D47-40A6-A3C4-340CE0C3FCA9}.Debug|Any CPU.ActiveCfg = Debug|Any CPU
		{E87416AA-5D47-40A6-A3C4-340CE0C3FCA9}.Debug|Any CPU.Build.0 = Debug|Any CPU
		{E87416AA-5D47-40A6-A3C4-340CE0C3FCA9}.Release|Any CPU.ActiveCfg = Release|Any CPU
		{E87416AA-5D47-40A6-A3C4-340CE0C3FCA9}.Release|Any CPU.Build.0 = Release|Any CPU
		{CCBF59D4-FC02-41FF-9317-2513AB8E818E}.Debug|Any CPU.ActiveCfg = Debug|Any CPU
		{CCBF59D4-FC02-41FF-9317-2513AB8E818E}.Debug|Any CPU.Build.0 = Debug|Any CPU
		{CCBF59D4-FC02-41FF-9317-2513AB8E818E}.Release|Any CPU.ActiveCfg = Release|Any CPU
		{CCBF59D4-FC02-41FF-9317-2513AB8E818E}.Release|Any CPU.Build.0 = Release|Any CPU
		{CD5A9619-8E50-4923-99C8-B5FD657BCFE0}.Debug|Any CPU.ActiveCfg = Debug|Any CPU
		{CD5A9619-8E50-4923-99C8-B5FD657BCFE0}.Debug|Any CPU.Build.0 = Debug|Any CPU
		{CD5A9619-8E50-4923-99C8-B5FD657BCFE0}.Release|Any CPU.ActiveCfg = Release|Any CPU
		{CD5A9619-8E50-4923-99C8-B5FD657BCFE0}.Release|Any CPU.Build.0 = Release|Any CPU
		{63A9C164-93EC-4524-81FC-EA2B9ED219D6}.Debug|Any CPU.ActiveCfg = Debug|Any CPU
		{63A9C164-93EC-4524-81FC-EA2B9ED219D6}.Debug|Any CPU.Build.0 = Debug|Any CPU
		{63A9C164-93EC-4524-81FC-EA2B9ED219D6}.Release|Any CPU.ActiveCfg = Release|Any CPU
		{63A9C164-93EC-4524-81FC-EA2B9ED219D6}.Release|Any CPU.Build.0 = Release|Any CPU
		{C002FFA9-9811-4F93-9D0D-1E2AB6E7EAE9}.Debug|Any CPU.ActiveCfg = Debug|Any CPU
		{C002FFA9-9811-4F93-9D0D-1E2AB6E7EAE9}.Debug|Any CPU.Build.0 = Debug|Any CPU
		{C002FFA9-9811-4F93-9D0D-1E2AB6E7EAE9}.Release|Any CPU.ActiveCfg = Release|Any CPU
		{C002FFA9-9811-4F93-9D0D-1E2AB6E7EAE9}.Release|Any CPU.Build.0 = Release|Any CPU
	EndGlobalSection
	GlobalSection(SolutionProperties) = preSolution
		HideSolutionNode = FALSE
	EndGlobalSection
	GlobalSection(NestedProjects) = preSolution
		{97F47BA4-CC80-48DB-9680-759F33931104} = {54B3C94F-3D7E-4228-926F-E880606C71F6}
		{38D7AA58-C95B-449B-86C6-A8073A56E11F} = {193709C9-A5F5-4E5D-B1C3-3757AE12E3B9}
		{9FE00521-3A8B-42B1-814E-585E99407B2E} = {193709C9-A5F5-4E5D-B1C3-3757AE12E3B9}
		{0988C62E-247F-471F-A183-DB509C7A3839} = {193709C9-A5F5-4E5D-B1C3-3757AE12E3B9}
		{C189A46C-7582-4B85-A110-D211F3CBDD36} = {193709C9-A5F5-4E5D-B1C3-3757AE12E3B9}
		{1BD901A1-D07D-465C-9989-A8305D3F8762} = {D61CCAE8-8455-45DB-9A0D-6D53DD835A1D}
		{AC1F0BAB-8C70-4909-8BBF-6C73B4D1537E} = {E9E63CA6-DC20-40C5-BA10-008A7EA53776}
		{CD0142BE-96C6-4822-9CAB-3DFE843924CB} = {E9E63CA6-DC20-40C5-BA10-008A7EA53776}
		{56C588EF-F66D-4722-A212-797138A1E716} = {E9E63CA6-DC20-40C5-BA10-008A7EA53776}
		{53995DBB-9836-4647-AD22-865884FDEB9E} = {193709C9-A5F5-4E5D-B1C3-3757AE12E3B9}
		{7E441973-6D11-4861-AB2B-1F1A7B0A9DC9} = {54B3C94F-3D7E-4228-926F-E880606C71F6}
		{B6B4BF6D-E1D9-4585-ABE0-C0A28FDE0477} = {193709C9-A5F5-4E5D-B1C3-3757AE12E3B9}
		{BF64730C-4903-4E40-AFCB-E0B56FF7E45D} = {6CF0BB11-7097-40C7-B0B1-46346215704B}
		{DC835409-1E51-42B6-B9A3-4639C2494065} = {6CF0BB11-7097-40C7-B0B1-46346215704B}
		{DF53E03A-0A1D-4E1F-A8B3-11B4342AFA79} = {54B3C94F-3D7E-4228-926F-E880606C71F6}
		{ECB24008-50FE-4C11-A3EF-545A4A811FC7} = {54B3C94F-3D7E-4228-926F-E880606C71F6}
		{A2680A1D-DB8B-451D-9441-13CD38FFBA70} = {D61CCAE8-8455-45DB-9A0D-6D53DD835A1D}
		{5A1B3247-43E0-4425-8B52-9E606E629B04} = {193709C9-A5F5-4E5D-B1C3-3757AE12E3B9}
		{BC8333E1-B140-4064-A6F4-7871D1C41C5F} = {6CF0BB11-7097-40C7-B0B1-46346215704B}
		{C1BC675B-5FF5-4E22-9AF1-D34D88A8F630} = {193709C9-A5F5-4E5D-B1C3-3757AE12E3B9}
		{0F6EDE1E-C970-4AFE-9220-CEAD19398027} = {193709C9-A5F5-4E5D-B1C3-3757AE12E3B9}
		{F268714E-F04D-420B-8824-3E883BE3D794} = {193709C9-A5F5-4E5D-B1C3-3757AE12E3B9}
		{392032E6-FB40-426D-8C77-103C8FA2464C} = {193709C9-A5F5-4E5D-B1C3-3757AE12E3B9}
		{94FBB3C1-B5BC-4131-9967-9BBF0B74D2F8} = {193709C9-A5F5-4E5D-B1C3-3757AE12E3B9}
		{E87416AA-5D47-40A6-A3C4-340CE0C3FCA9} = {193709C9-A5F5-4E5D-B1C3-3757AE12E3B9}
		{CCBF59D4-FC02-41FF-9317-2513AB8E818E} = {6CF0BB11-7097-40C7-B0B1-46346215704B}
		{CD5A9619-8E50-4923-99C8-B5FD657BCFE0} = {6CF0BB11-7097-40C7-B0B1-46346215704B}
		{63A9C164-93EC-4524-81FC-EA2B9ED219D6} = {193709C9-A5F5-4E5D-B1C3-3757AE12E3B9}
		{C002FFA9-9811-4F93-9D0D-1E2AB6E7EAE9} = {54B3C94F-3D7E-4228-926F-E880606C71F6}
	EndGlobalSection
	GlobalSection(ExtensibilityGlobals) = postSolution
		SolutionGuid = {65F7D331-D653-4156-A6BE-CE0F2A77F343}
	EndGlobalSection
EndGlobal
